
Microsoft Visual Studio Solution File, Format Version 12.00
Project("{FAE04EC0-301F-11D3-BF4B-00C04F79EFBC}") = "SimpleApi", "SimpleApi\SimpleApi.csproj", "{6B3A11F4-7A4D-49C8-A0AA-D30A7C20B815}"
EndProject
Global
	GlobalSection(SolutionConfigurationPlatforms) = preSolution
		Debug|Any CPU = Debug|Any CPU
		Release|Any CPU = Release|Any CPU
	EndGlobalSection
	GlobalSection(ProjectConfigurationPlatforms) = postSolution
		{6B3A11F4-7A4D-49C8-A0AA-D30A7C20B815}.Debug|Any CPU.ActiveCfg = Debug|Any CPU
		{6B3A11F4-7A4D-49C8-A0AA-D30A7C20B815}.Debug|Any CPU.Build.0 = Debug|Any CPU
		{6B3A11F4-7A4D-49C8-A0AA-D30A7C20B815}.Release|Any CPU.ActiveCfg = Release|Any CPU
		{6B3A11F4-7A4D-49C8-A0AA-D30A7C20B815}.Release|Any CPU.Build.0 = Release|Any CPU
	EndGlobalSection
EndGlobal
